
Microsoft Visual Studio Solution File, Format Version 12.00
# Visual Studio Version 16
VisualStudioVersion = 16.0.30621.155
MinimumVisualStudioVersion = 10.0.40219.1
Project("{FAE04EC0-301F-11D3-BF4B-00C04F79EFBC}") = "UtilidadesGestionArchivo", "UtilidadesGestionArchivo.csproj", "{6566AE71-E963-47B2-87AE-6F36633444D3}"
EndProject
Project("{FAE04EC0-301F-11D3-BF4B-00C04F79EFBC}") = "UtilidadesClases", "..\UtilidadesClases\UtilidadesClases.csproj", "{03373AF4-0B8C-4248-AED3-B8746925829D}"
EndProject
Global
	GlobalSection(SolutionConfigurationPlatforms) = preSolution
		Debug|Any CPU = Debug|Any CPU
		Release|Any CPU = Release|Any CPU
	EndGlobalSection
	GlobalSection(ProjectConfigurationPlatforms) = postSolution
		{6566AE71-E963-47B2-87AE-6F36633444D3}.Debug|Any CPU.ActiveCfg = Debug|Any CPU
		{6566AE71-E963-47B2-87AE-6F36633444D3}.Debug|Any CPU.Build.0 = Debug|Any CPU
		{6566AE71-E963-47B2-87AE-6F36633444D3}.Release|Any CPU.ActiveCfg = Release|Any CPU
		{6566AE71-E963-47B2-87AE-6F36633444D3}.Release|Any CPU.Build.0 = Release|Any CPU
		{03373AF4-0B8C-4248-AED3-B8746925829D}.Debug|Any CPU.ActiveCfg = Debug|Any CPU
		{03373AF4-0B8C-4248-AED3-B8746925829D}.Debug|Any CPU.Build.0 = Debug|Any CPU
		{03373AF4-0B8C-4248-AED3-B8746925829D}.Release|Any CPU.ActiveCfg = Release|Any CPU
		{03373AF4-0B8C-4248-AED3-B8746925829D}.Release|Any CPU.Build.0 = Release|Any CPU
	EndGlobalSection
	GlobalSection(SolutionProperties) = preSolution
		HideSolutionNode = FALSE
	EndGlobalSection
	GlobalSection(ExtensibilityGlobals) = postSolution
		SolutionGuid = {D7A0734A-292B-48E2-AA4E-850C09ACD007}
	EndGlobalSection
EndGlobal
