
Microsoft Visual Studio Solution File, Format Version 12.00
# Visual Studio Version 16
VisualStudioVersion = 16.0.30621.155
MinimumVisualStudioVersion = 10.0.40219.1
Project("{FAE04EC0-301F-11D3-BF4B-00C04F79EFBC}") = "Venta", "Venta.csproj", "{E617BA82-9891-41EF-A82E-EAC93A862CE8}"
EndProject
Global
	GlobalSection(SolutionConfigurationPlatforms) = preSolution
		Debug|Any CPU = Debug|Any CPU
		Release|Any CPU = Release|Any CPU
	EndGlobalSection
	GlobalSection(ProjectConfigurationPlatforms) = postSolution
		{E617BA82-9891-41EF-A82E-EAC93A862CE8}.Debug|Any CPU.ActiveCfg = Debug|Any CPU
		{E617BA82-9891-41EF-A82E-EAC93A862CE8}.Debug|Any CPU.Build.0 = Debug|Any CPU
		{E617BA82-9891-41EF-A82E-EAC93A862CE8}.Release|Any CPU.ActiveCfg = Release|Any CPU
		{E617BA82-9891-41EF-A82E-EAC93A862CE8}.Release|Any CPU.Build.0 = Release|Any CPU
	EndGlobalSection
	GlobalSection(SolutionProperties) = preSolution
		HideSolutionNode = FALSE
	EndGlobalSection
	GlobalSection(ExtensibilityGlobals) = postSolution
		SolutionGuid = {1A4AA18D-A01D-497B-88CB-C94F80C30581}
	EndGlobalSection
EndGlobal
