
Microsoft Visual Studio Solution File, Format Version 12.00
# Visual Studio Version 16
VisualStudioVersion = 16.0.30621.155
MinimumVisualStudioVersion = 10.0.40219.1
Project("{FAE04EC0-301F-11D3-BF4B-00C04F79EFBC}") = "Factura", "Factura.csproj", "{F89D7390-DB9A-4462-86DC-376BD0941156}"
EndProject
Global
	GlobalSection(SolutionConfigurationPlatforms) = preSolution
		Debug|Any CPU = Debug|Any CPU
		Release|Any CPU = Release|Any CPU
	EndGlobalSection
	GlobalSection(ProjectConfigurationPlatforms) = postSolution
		{F89D7390-DB9A-4462-86DC-376BD0941156}.Debug|Any CPU.ActiveCfg = Debug|Any CPU
		{F89D7390-DB9A-4462-86DC-376BD0941156}.Debug|Any CPU.Build.0 = Debug|Any CPU
		{F89D7390-DB9A-4462-86DC-376BD0941156}.Release|Any CPU.ActiveCfg = Release|Any CPU
		{F89D7390-DB9A-4462-86DC-376BD0941156}.Release|Any CPU.Build.0 = Release|Any CPU
	EndGlobalSection
	GlobalSection(SolutionProperties) = preSolution
		HideSolutionNode = FALSE
	EndGlobalSection
	GlobalSection(ExtensibilityGlobals) = postSolution
		SolutionGuid = {C98085AA-9EE2-42BA-B2FE-AE905CBA0E68}
	EndGlobalSection
EndGlobal
